
Microsoft Visual Studio Solution File, Format Version 12.00
# Visual Studio Version 16
VisualStudioVersion = 16.0.31515.178
MinimumVisualStudioVersion = 10.0.40219.1
Project("{FAE04EC0-301F-11D3-BF4B-00C04F79EFBC}") = "PDFPages", "PDFPages.csproj", "{380BAB4B-A89C-4C27-9AF8-BA8CF21A4C5D}"
EndProject
Global
	GlobalSection(SolutionConfigurationPlatforms) = preSolution
		Debug|Any CPU = Debug|Any CPU
		Release|Any CPU = Release|Any CPU
	EndGlobalSection
	GlobalSection(ProjectConfigurationPlatforms) = postSolution
		{380BAB4B-A89C-4C27-9AF8-BA8CF21A4C5D}.Debug|Any CPU.ActiveCfg = Debug|Any CPU
		{380BAB4B-A89C-4C27-9AF8-BA8CF21A4C5D}.Debug|Any CPU.Build.0 = Debug|Any CPU
		{380BAB4B-A89C-4C27-9AF8-BA8CF21A4C5D}.Release|Any CPU.ActiveCfg = Release|Any CPU
		{380BAB4B-A89C-4C27-9AF8-BA8CF21A4C5D}.Release|Any CPU.Build.0 = Release|Any CPU
	EndGlobalSection
	GlobalSection(SolutionProperties) = preSolution
		HideSolutionNode = FALSE
	EndGlobalSection
	GlobalSection(ExtensibilityGlobals) = postSolution
		SolutionGuid = {8AF6A574-D17A-4241-988B-22C9BD8DDCF3}
	EndGlobalSection
EndGlobal
